
Microsoft Visual Studio Solution File, Format Version 12.00
# Visual Studio 15
VisualStudioVersion = 15.0.28010.2026
MinimumVisualStudioVersion = 10.0.40219.1
Project("{888888A0-9F3D-457C-B088-3A5042F75D52}") = "dataismWebApp", "dataismWebApp\dataismWebApp.pyproj", "{DA3539A8-3962-4EBB-8926-F51C75DB0ADB}"
EndProject
Global
	GlobalSection(SolutionConfigurationPlatforms) = preSolution
		Debug|Any CPU = Debug|Any CPU
		Release|Any CPU = Release|Any CPU
	EndGlobalSection
	GlobalSection(ProjectConfigurationPlatforms) = postSolution
		{DA3539A8-3962-4EBB-8926-F51C75DB0ADB}.Debug|Any CPU.ActiveCfg = Debug|Any CPU
		{DA3539A8-3962-4EBB-8926-F51C75DB0ADB}.Debug|Any CPU.Build.0 = Debug|Any CPU
		{DA3539A8-3962-4EBB-8926-F51C75DB0ADB}.Release|Any CPU.ActiveCfg = Release|Any CPU
		{DA3539A8-3962-4EBB-8926-F51C75DB0ADB}.Release|Any CPU.Build.0 = Release|Any CPU
	EndGlobalSection
	GlobalSection(SolutionProperties) = preSolution
		HideSolutionNode = FALSE
	EndGlobalSection
	GlobalSection(ExtensibilityGlobals) = postSolution
		SolutionGuid = {56C37D31-89C3-4E17-B1B6-1570258B427D}
	EndGlobalSection
EndGlobal
